
Microsoft Visual Studio Solution File, Format Version 12.00
# Visual Studio Version 17
VisualStudioVersion = 17.14.36414.22 d17.14
MinimumVisualStudioVersion = 10.0.40219.1
Project("{FAE04EC0-301F-11D3-BF4B-00C04F79EFBC}") = "mesa-silla", "mesa-silla\mesa-silla.csproj", "{415ED357-5435-4FB3-96E6-C1EE78064B81}"
EndProject
Global
	GlobalSection(SolutionConfigurationPlatforms) = preSolution
		Debug|Any CPU = Debug|Any CPU
		Release|Any CPU = Release|Any CPU
	EndGlobalSection
	GlobalSection(ProjectConfigurationPlatforms) = postSolution
		{415ED357-5435-4FB3-96E6-C1EE78064B81}.Debug|Any CPU.ActiveCfg = Debug|Any CPU
		{415ED357-5435-4FB3-96E6-C1EE78064B81}.Debug|Any CPU.Build.0 = Debug|Any CPU
		{415ED357-5435-4FB3-96E6-C1EE78064B81}.Release|Any CPU.ActiveCfg = Release|Any CPU
		{415ED357-5435-4FB3-96E6-C1EE78064B81}.Release|Any CPU.Build.0 = Release|Any CPU
	EndGlobalSection
	GlobalSection(SolutionProperties) = preSolution
		HideSolutionNode = FALSE
	EndGlobalSection
	GlobalSection(ExtensibilityGlobals) = postSolution
		SolutionGuid = {854F3E75-547C-45AB-97A7-7FA84F1C2B5B}
	EndGlobalSection
EndGlobal
